
Microsoft Visual Studio Solution File, Format Version 12.00
# Visual Studio Version 17
VisualStudioVersion = 17.11.35222.181
MinimumVisualStudioVersion = 10.0.40219.1
Project("{FAE04EC0-301F-11D3-BF4B-00C04F79EFBC}") = "ikt1", "ikt1.csproj", "{A0FB0E00-42FE-46D4-A901-FC1B1D350D78}"
EndProject
Global
	GlobalSection(SolutionConfigurationPlatforms) = preSolution
		Debug|Any CPU = Debug|Any CPU
		Release|Any CPU = Release|Any CPU
	EndGlobalSection
	GlobalSection(ProjectConfigurationPlatforms) = postSolution
		{A0FB0E00-42FE-46D4-A901-FC1B1D350D78}.Debug|Any CPU.ActiveCfg = Debug|Any CPU
		{A0FB0E00-42FE-46D4-A901-FC1B1D350D78}.Debug|Any CPU.Build.0 = Debug|Any CPU
		{A0FB0E00-42FE-46D4-A901-FC1B1D350D78}.Release|Any CPU.ActiveCfg = Release|Any CPU
		{A0FB0E00-42FE-46D4-A901-FC1B1D350D78}.Release|Any CPU.Build.0 = Release|Any CPU
	EndGlobalSection
	GlobalSection(SolutionProperties) = preSolution
		HideSolutionNode = FALSE
	EndGlobalSection
	GlobalSection(ExtensibilityGlobals) = postSolution
		SolutionGuid = {66166111-EE05-4989-826C-BE5DA270327E}
	EndGlobalSection
EndGlobal
